
Microsoft Visual Studio Solution File, Format Version 11.00
# Visual Studio 2010
Project("{888888A0-9F3D-457C-B088-3A5042F75D52}") = "LABo8", "LABo8\LABo8.pyproj", "{8A339EB5-1718-4F9B-8158-F1E4FA5F3E9F}"
EndProject
Global
	GlobalSection(SolutionConfigurationPlatforms) = preSolution
		Debug|Any CPU = Debug|Any CPU
		Release|Any CPU = Release|Any CPU
	EndGlobalSection
	GlobalSection(ProjectConfigurationPlatforms) = postSolution
		{8A339EB5-1718-4F9B-8158-F1E4FA5F3E9F}.Debug|Any CPU.ActiveCfg = Debug|Any CPU
		{8A339EB5-1718-4F9B-8158-F1E4FA5F3E9F}.Debug|Any CPU.Build.0 = Debug|Any CPU
		{8A339EB5-1718-4F9B-8158-F1E4FA5F3E9F}.Release|Any CPU.ActiveCfg = Release|Any CPU
		{8A339EB5-1718-4F9B-8158-F1E4FA5F3E9F}.Release|Any CPU.Build.0 = Release|Any CPU
	EndGlobalSection
	GlobalSection(SolutionProperties) = preSolution
		HideSolutionNode = FALSE
	EndGlobalSection
EndGlobal
